// !$*UTF8*$!
{
	archiveVersion = 1;
	classes = {
	};
	objectVersion = 56;
	objects = {

/* Begin PBXBuildFile section */
		77C7027B2BEF7206000515D9 /* AcharyaFoundationApp.swift in Sources */ = {isa = PBXBuildFile; fileRef = 77C7027A2BEF7206000515D9 /* AcharyaFoundationApp.swift */; };
		77C7027D2BEF7206000515D9 /* ContentView.swift in Sources */ = {isa = PBXBuildFile; fileRef = 77C7027C2BEF7206000515D9 /* ContentView.swift */; };
		77C7027F2BEF7212000515D9 /* Assets.xcassets in Resources */ = {isa = PBXBuildFile; fileRef = 77C7027E2BEF7212000515D9 /* Assets.xcassets */; };
		77C702822BEF7212000515D9 /* Preview Assets.xcassets in Resources */ = {isa = PBXBuildFile; fileRef = 77C702812BEF7212000515D9 /* Preview Assets.xcassets */; };
		77C7028A2BEF72F1000515D9 /* ResponseModel.swift in Sources */ = {isa = PBXBuildFile; fileRef = 77C702892BEF72F1000515D9 /* ResponseModel.swift */; };
		77C7028D2BEF7349000515D9 /* ImagesView.swift in Sources */ = {isa = PBXBuildFile; fileRef = 77C7028C2BEF7349000515D9 /* ImagesView.swift */; };
		77C702902BEF7632000515D9 /* NetworkManager.swift in Sources */ = {isa = PBXBuildFile; fileRef = 77C7028F2BEF7632000515D9 /* NetworkManager.swift */; };
		77C702922BEF7DF5000515D9 /* ImageViewModel.swift in Sources */ = {isa = PBXBuildFile; fileRef = 77C702912BEF7DF5000515D9 /* ImageViewModel.swift */; };
		77D325182BEFF506007B53C8 /* ImageLoaderViewModel.swift in Sources */ = {isa = PBXBuildFile; fileRef = 77D325172BEFF506007B53C8 /* ImageLoaderViewModel.swift */; };
		77D3251A2BEFF54F007B53C8 /* CacheInMemory.swift in Sources */ = {isa = PBXBuildFile; fileRef = 77D325192BEFF54F007B53C8 /* CacheInMemory.swift */; };
/* End PBXBuildFile section */

/* Begin PBXFileReference section */
		77C702772BEF7206000515D9 /* AcharyaFoundation.app */ = {isa = PBXFileReference; explicitFileType = wrapper.application; includeInIndex = 0; path = AcharyaFoundation.app; sourceTree = BUILT_PRODUCTS_DIR; };
		77C7027A2BEF7206000515D9 /* AcharyaFoundationApp.swift */ = {isa = PBXFileReference; lastKnownFileType = sourcecode.swift; path = AcharyaFoundationApp.swift; sourceTree = "<group>"; };
		77C7027C2BEF7206000515D9 /* ContentView.swift */ = {isa = PBXFileReference; lastKnownFileType = sourcecode.swift; path = ContentView.swift; sourceTree = "<group>"; };
		77C7027E2BEF7212000515D9 /* Assets.xcassets */ = {isa = PBXFileReference; lastKnownFileType = folder.assetcatalog; path = Assets.xcassets; sourceTree = "<group>"; };
		77C702812BEF7212000515D9 /* Preview Assets.xcassets */ = {isa = PBXFileReference; lastKnownFileType = folder.assetcatalog; path = "Preview Assets.xcassets"; sourceTree = "<group>"; };
		77C702892BEF72F1000515D9 /* ResponseModel.swift */ = {isa = PBXFileReference; lastKnownFileType = sourcecode.swift; path = ResponseModel.swift; sourceTree = "<group>"; };
		77C7028C2BEF7349000515D9 /* ImagesView.swift */ = {isa = PBXFileReference; lastKnownFileType = sourcecode.swift; path = ImagesView.swift; sourceTree = "<group>"; };
		77C7028F2BEF7632000515D9 /* NetworkManager.swift */ = {isa = PBXFileReference; lastKnownFileType = sourcecode.swift; path = NetworkManager.swift; sourceTree = "<group>"; };
		77C702912BEF7DF5000515D9 /* ImageViewModel.swift */ = {isa = PBXFileReference; lastKnownFileType = sourcecode.swift; path = ImageViewModel.swift; sourceTree = "<group>"; };
		77C702932BEF99CD000515D9 /* Info.plist */ = {isa = PBXFileReference; lastKnownFileType = text.plist; path = Info.plist; sourceTree = "<group>"; };
		77D325172BEFF506007B53C8 /* ImageLoaderViewModel.swift */ = {isa = PBXFileReference; lastKnownFileType = sourcecode.swift; path = ImageLoaderViewModel.swift; sourceTree = "<group>"; };
		77D325192BEFF54F007B53C8 /* CacheInMemory.swift */ = {isa = PBXFileReference; lastKnownFileType = sourcecode.swift; path = CacheInMemory.swift; sourceTree = "<group>"; };
/* End PBXFileReference section */

/* Begin PBXFrameworksBuildPhase section */
		77C702742BEF7206000515D9 /* Frameworks */ = {
			isa = PBXFrameworksBuildPhase;
			buildActionMask = 2147483647;
			files = (
			);
			runOnlyForDeploymentPostprocessing = 0;
		};
/* End PBXFrameworksBuildPhase section */

/* Begin PBXGroup section */
		77C7026E2BEF7206000515D9 = {
			isa = PBXGroup;
			children = (
				77C702792BEF7206000515D9 /* AcharyaFoundation */,
				77C702782BEF7206000515D9 /* Products */,
			);
			sourceTree = "<group>";
		};
		77C702782BEF7206000515D9 /* Products */ = {
			isa = PBXGroup;
			children = (
				77C702772BEF7206000515D9 /* AcharyaFoundation.app */,
			);
			name = Products;
			sourceTree = "<group>";
		};
		77C702792BEF7206000515D9 /* AcharyaFoundation */ = {
			isa = PBXGroup;
			children = (
				77C702882BEF72D3000515D9 /* Models */,
				77C7027A2BEF7206000515D9 /* AcharyaFoundationApp.swift */,
				77C7027C2BEF7206000515D9 /* ContentView.swift */,
				77C7028B2BEF731D000515D9 /* Views */,
				77D325162BEFF4EB007B53C8 /* ViewModels */,
				77C7028E2BEF75E8000515D9 /* NetworkService */,
				77D3251B2BEFF5BD007B53C8 /* Cache */,
				77C7027E2BEF7212000515D9 /* Assets.xcassets */,
				77C702932BEF99CD000515D9 /* Info.plist */,
				77C702802BEF7212000515D9 /* Preview Content */,
			);
			path = AcharyaFoundation;
			sourceTree = "<group>";
		};
		77C702802BEF7212000515D9 /* Preview Content */ = {
			isa = PBXGroup;
			children = (
				77C702812BEF7212000515D9 /* Preview Assets.xcassets */,
			);
			path = "Preview Content";
			sourceTree = "<group>";
		};
		77C702882BEF72D3000515D9 /* Models */ = {
			isa = PBXGroup;
			children = (
				77C702892BEF72F1000515D9 /* ResponseModel.swift */,
			);
			path = Models;
			sourceTree = "<group>";
		};
		77C7028B2BEF731D000515D9 /* Views */ = {
			isa = PBXGroup;
			children = (
				77C7028C2BEF7349000515D9 /* ImagesView.swift */,
			);
			path = Views;
			sourceTree = "<group>";
		};
		77C7028E2BEF75E8000515D9 /* NetworkService */ = {
			isa = PBXGroup;
			children = (
				77C7028F2BEF7632000515D9 /* NetworkManager.swift */,
			);
			path = NetworkService;
			sourceTree = "<group>";
		};
		77D325162BEFF4EB007B53C8 /* ViewModels */ = {
			isa = PBXGroup;
			children = (
				77C702912BEF7DF5000515D9 /* ImageViewModel.swift */,
				77D325172BEFF506007B53C8 /* ImageLoaderViewModel.swift */,
			);
			path = ViewModels;
			sourceTree = "<group>";
		};
		77D3251B2BEFF5BD007B53C8 /* Cache */ = {
			isa = PBXGroup;
			children = (
				77D325192BEFF54F007B53C8 /* CacheInMemory.swift */,
			);
			path = Cache;
			sourceTree = "<group>";
		};
/* End PBXGroup section */

/* Begin PBXNativeTarget section */
		77C702762BEF7206000515D9 /* AcharyaFoundation */ = {
			isa = PBXNativeTarget;
			buildConfigurationList = 77C702852BEF7212000515D9 /* Build configuration list for PBXNativeTarget "AcharyaFoundation" */;
			buildPhases = (
				77C702732BEF7206000515D9 /* Sources */,
				77C702742BEF7206000515D9 /* Frameworks */,
				77C702752BEF7206000515D9 /* Resources */,
			);
			buildRules = (
			);
			dependencies = (
			);
			name = AcharyaFoundation;
			productName = AcharyaFoundation;
			productReference = 77C702772BEF7206000515D9 /* AcharyaFoundation.app */;
			productType = "com.apple.product-type.application";
		};
/* End PBXNativeTarget section */

/* Begin PBXProject section */
		77C7026F2BEF7206000515D9 /* Project object */ = {
			isa = PBXProject;
			attributes = {
				BuildIndependentTargetsInParallel = 1;
				LastSwiftUpdateCheck = 1520;
				LastUpgradeCheck = 1520;
				TargetAttributes = {
					77C702762BEF7206000515D9 = {
						CreatedOnToolsVersion = 15.2;
					};
				};
			};
			buildConfigurationList = 77C702722BEF7206000515D9 /* Build configuration list for PBXProject "AcharyaFoundation" */;
			compatibilityVersion = "Xcode 14.0";
			developmentRegion = en;
			hasScannedForEncodings = 0;
			knownRegions = (
				en,
				Base,
			);
			mainGroup = 77C7026E2BEF7206000515D9;
			productRefGroup = 77C702782BEF7206000515D9 /* Products */;
			projectDirPath = "";
			projectRoot = "";
			targets = (
				77C702762BEF7206000515D9 /* AcharyaFoundation */,
			);
		};
/* End PBXProject section */

/* Begin PBXResourcesBuildPhase section */
		77C702752BEF7206000515D9 /* Resources */ = {
			isa = PBXResourcesBuildPhase;
			buildActionMask = 2147483647;
			files = (
				77C702822BEF7212000515D9 /* Preview Assets.xcassets in Resources */,
				77C7027F2BEF7212000515D9 /* Assets.xcassets in Resources */,
			);
			runOnlyForDeploymentPostprocessing = 0;
		};
/* End PBXResourcesBuildPhase section */

/* Begin PBXSourcesBuildPhase section */
		77C702732BEF7206000515D9 /* Sources */ = {
			isa = PBXSourcesBuildPhase;
			buildActionMask = 2147483647;
			files = (
				77C702922BEF7DF5000515D9 /* ImageViewModel.swift in Sources */,
				77D325182BEFF506007B53C8 /* ImageLoaderViewModel.swift in Sources */,
				77D3251A2BEFF54F007B53C8 /* CacheInMemory.swift in Sources */,
				77C7028D2BEF7349000515D9 /* ImagesView.swift in Sources */,
				77C7027D2BEF7206000515D9 /* ContentView.swift in Sources */,
				77C702902BEF7632000515D9 /* NetworkManager.swift in Sources */,
				77C7028A2BEF72F1000515D9 /* ResponseModel.swift in Sources */,
				77C7027B2BEF7206000515D9 /* AcharyaFoundationApp.swift in Sources */,
			);
			runOnlyForDeploymentPostprocessing = 0;
		};
/* End PBXSourcesBuildPhase section */

/* Begin XCBuildConfiguration section */
		77C702832BEF7212000515D9 /* Debug */ = {
			isa = XCBuildConfiguration;
			buildSettings = {
				ALWAYS_SEARCH_USER_PATHS = NO;
				ASSETCATALOG_COMPILER_GENERATE_SWIFT_ASSET_SYMBOL_EXTENSIONS = YES;
				CLANG_ANALYZER_NONNULL = YES;
				CLANG_ANALYZER_NUMBER_OBJECT_CONVERSION = YES_AGGRESSIVE;
				CLANG_CXX_LANGUAGE_STANDARD = "gnu++20";
				CLANG_ENABLE_MODULES = YES;
				CLANG_ENABLE_OBJC_ARC = YES;
				CLANG_ENABLE_OBJC_WEAK = YES;
				CLANG_WARN_BLOCK_CAPTURE_AUTORELEASING = YES;
				CLANG_WARN_BOOL_CONVERSION = YES;
				CLANG_WARN_COMMA = YES;
				CLANG_WARN_CONSTANT_CONVERSION = YES;
				CLANG_WARN_DEPRECATED_OBJC_IMPLEMENTATIONS = YES;
				CLANG_WARN_DIRECT_OBJC_ISA_USAGE = YES_ERROR;
				CLANG_WARN_DOCUMENTATION_COMMENTS = YES;
				CLANG_WARN_EMPTY_BODY = YES;
				CLANG_WARN_ENUM_CONVERSION = YES;
				CLANG_WARN_INFINITE_RECURSION = YES;
				CLANG_WARN_INT_CONVERSION = YES;
				CLANG_WARN_NON_LITERAL_NULL_CONVERSION = YES;
				CLANG_WARN_OBJC_IMPLICIT_RETAIN_SELF = YES;
				CLANG_WARN_OBJC_LITERAL_CONVERSION = YES;
				CLANG_WARN_OBJC_ROOT_CLASS = YES_ERROR;
				CLANG_WARN_QUOTED_INCLUDE_IN_FRAMEWORK_HEADER = YES;
				CLANG_WARN_RANGE_LOOP_ANALYSIS = YES;
				CLANG_WARN_STRICT_PROTOTYPES = YES;
				CLANG_WARN_SUSPICIOUS_MOVE = YES;
				CLANG_WARN_UNGUARDED_AVAILABILITY = YES_AGGRESSIVE;
				CLANG_WARN_UNREACHABLE_CODE = YES;
				CLANG_WARN__DUPLICATE_METHOD_MATCH = YES;
				COPY_PHASE_STRIP = NO;
				DEBUG_INFORMATION_FORMAT = dwarf;
				ENABLE_STRICT_OBJC_MSGSEND = YES;
				ENABLE_TESTABILITY = YES;
				ENABLE_USER_SCRIPT_SANDBOXING = YES;
				GCC_C_LANGUAGE_STANDARD = gnu17;
				GCC_DYNAMIC_NO_PIC = NO;
				GCC_NO_COMMON_BLOCKS = YES;
				GCC_OPTIMIZATION_LEVEL = 0;
				GCC_PREPROCESSOR_DEFINITIONS = (
					"DEBUG=1",
					"$(inherited)",
				);
				GCC_WARN_64_TO_32_BIT_CONVERSION = YES;
				GCC_WARN_ABOUT_RETURN_TYPE = YES_ERROR;
				GCC_WARN_UNDECLARED_SELECTOR = YES;
				GCC_WARN_UNINITIALIZED_AUTOS = YES_AGGRESSIVE;
				GCC_WARN_UNUSED_FUNCTION = YES;
				GCC_WARN_UNUSED_VARIABLE = YES;
				IPHONEOS_DEPLOYMENT_TARGET = 17.2;
				LOCALIZATION_PREFERS_STRING_CATALOGS = YES;
				MTL_ENABLE_DEBUG_INFO = INCLUDE_SOURCE;
				MTL_FAST_MATH = YES;
				ONLY_ACTIVE_ARCH = YES;
				SDKROOT = iphoneos;
				SWIFT_ACTIVE_COMPILATION_CONDITIONS = "DEBUG $(inherited)";
				SWIFT_OPTIMIZATION_LEVEL = "-Onone";
			};
			name = Debug;
		};
		77C702842BEF7212000515D9 /* Release */ = {
			isa = XCBuildConfiguration;
			buildSettings = {
				ALWAYS_SEARCH_USER_PATHS = NO;
				ASSETCATALOG_COMPILER_GENERATE_SWIFT_ASSET_SYMBOL_EXTENSIONS = YES;
				CLANG_ANALYZER_NONNULL = YES;
				CLANG_ANALYZER_NUMBER_OBJECT_CONVERSION = YES_AGGRESSIVE;
				CLANG_CXX_LANGUAGE_STANDARD = "gnu++20";
				CLANG_ENABLE_MODULES = YES;
				CLANG_ENABLE_OBJC_ARC = YES;
				CLANG_ENABLE_OBJC_WEAK = YES;
				CLANG_WARN_BLOCK_CAPTURE_AUTORELEASING = YES;
				CLANG_WARN_BOOL_CONVERSION = YES;
				CLANG_WARN_COMMA = YES;
				CLANG_WARN_CONSTANT_CONVERSION = YES;
				CLANG_WARN_DEPRECATED_OBJC_IMPLEMENTATIONS = YES;
				CLANG_WARN_DIRECT_OBJC_ISA_USAGE = YES_ERROR;
				CLANG_WARN_DOCUMENTATION_COMMENTS = YES;
				CLANG_WARN_EMPTY_BODY = YES;
				CLANG_WARN_ENUM_CONVERSION = YES;
				CLANG_WARN_INFINITE_RECURSION = YES;
				CLANG_WARN_INT_CONVERSION = YES;
				CLANG_WARN_NON_LITERAL_NULL_CONVERSION = YES;
				CLANG_WARN_OBJC_IMPLICIT_RETAIN_SELF = YES;
				CLANG_WARN_OBJC_LITERAL_CONVERSION = YES;
				CLANG_WARN_OBJC_ROOT_CLASS = YES_ERROR;
				CLANG_WARN_QUOTED_INCLUDE_IN_FRAMEWORK_HEADER = YES;
				CLANG_WARN_RANGE_LOOP_ANALYSIS = YES;
				CLANG_WARN_STRICT_PROTOTYPES = YES;
				CLANG_WARN_SUSPICIOUS_MOVE = YES;
				CLANG_WARN_UNGUARDED_AVAILABILITY = YES_AGGRESSIVE;
				CLANG_WARN_UNREACHABLE_CODE = YES;
				CLANG_WARN__DUPLICATE_METHOD_MATCH = YES;
				COPY_PHASE_STRIP = NO;
				DEBUG_INFORMATION_FORMAT = "dwarf-with-dsym";
				ENABLE_NS_ASSERTIONS = NO;
				ENABLE_STRICT_OBJC_MSGSEND = YES;
				ENABLE_USER_SCRIPT_SANDBOXING = YES;
				GCC_C_LANGUAGE_STANDARD = gnu17;
				GCC_NO_COMMON_BLOCKS = YES;
				GCC_WARN_64_TO_32_BIT_CONVERSION = YES;
				GCC_WARN_ABOUT_RETURN_TYPE = YES_ERROR;
				GCC_WARN_UNDECLARED_SELECTOR = YES;
				GCC_WARN_UNINITIALIZED_AUTOS = YES_AGGRESSIVE;
				GCC_WARN_UNUSED_FUNCTION = YES;
				GCC_WARN_UNUSED_VARIABLE = YES;
				IPHONEOS_DEPLOYMENT_TARGET = 17.2;
				LOCALIZATION_PREFERS_STRING_CATALOGS = YES;
				MTL_ENABLE_DEBUG_INFO = NO;
				MTL_FAST_MATH = YES;
				SDKROOT = iphoneos;
				SWIFT_COMPILATION_MODE = wholemodule;
				VALIDATE_PRODUCT = YES;
			};
			name = Release;
		};
		77C702862BEF7212000515D9 /* Debug */ = {
			isa = XCBuildConfiguration;
			buildSettings = {
				ASSETCATALOG_COMPILER_APPICON_NAME = AppIcon;
				ASSETCATALOG_COMPILER_GLOBAL_ACCENT_COLOR_NAME = AccentColor;
				CODE_SIGN_STYLE = Automatic;
				CURRENT_PROJECT_VERSION = 1;
				DEVELOPMENT_ASSET_PATHS = "\"AcharyaFoundation/Preview Content\"";
				DEVELOPMENT_TEAM = 967W575WKX;
				ENABLE_PREVIEWS = YES;
				GENERATE_INFOPLIST_FILE = YES;
				INFOPLIST_FILE = AcharyaFoundation/Info.plist;
				INFOPLIST_KEY_UIApplicationSceneManifest_Generation = YES;
				INFOPLIST_KEY_UIApplicationSupportsIndirectInputEvents = YES;
				INFOPLIST_KEY_UILaunchScreen_Generation = YES;
				INFOPLIST_KEY_UISupportedInterfaceOrientations_iPad = "UIInterfaceOrientationPortrait UIInterfaceOrientationPortraitUpsideDown UIInterfaceOrientationLandscapeLeft UIInterfaceOrientationLandscapeRight";
				INFOPLIST_KEY_UISupportedInterfaceOrientations_iPhone = "UIInterfaceOrientationPortrait UIInterfaceOrientationLandscapeLeft UIInterfaceOrientationLandscapeRight";
				LD_RUNPATH_SEARCH_PATHS = (
					"$(inherited)",
					"@executable_path/Frameworks",
				);
				MARKETING_VERSION = 1.0;
				PRODUCT_BUNDLE_IDENTIFIER = com.Interview.AcharyaFoundation;
				PRODUCT_NAME = "$(TARGET_NAME)";
				SWIFT_EMIT_LOC_STRINGS = YES;
				SWIFT_VERSION = 5.0;
				TARGETED_DEVICE_FAMILY = "1,2";
			};
			name = Debug;
		};
		77C702872BEF7212000515D9 /* Release */ = {
			isa = XCBuildConfiguration;
			buildSettings = {
				ASSETCATALOG_COMPILER_APPICON_NAME = AppIcon;
				ASSETCATALOG_COMPILER_GLOBAL_ACCENT_COLOR_NAME = AccentColor;
				CODE_SIGN_STYLE = Automatic;
				CURRENT_PROJECT_VERSION = 1;
				DEVELOPMENT_ASSET_PATHS = "\"AcharyaFoundation/Preview Content\"";
				DEVELOPMENT_TEAM = 967W575WKX;
				ENABLE_PREVIEWS = YES;
				GENERATE_INFOPLIST_FILE = YES;
				INFOPLIST_FILE = AcharyaFoundation/Info.plist;
				INFOPLIST_KEY_UIApplicationSceneManifest_Generation = YES;
				INFOPLIST_KEY_UIApplicationSupportsIndirectInputEvents = YES;
				INFOPLIST_KEY_UILaunchScreen_Generation = YES;
				INFOPLIST_KEY_UISupportedInterfaceOrientations_iPad = "UIInterfaceOrientationPortrait UIInterfaceOrientationPortraitUpsideDown UIInterfaceOrientationLandscapeLeft UIInterfaceOrientationLandscapeRight";
				INFOPLIST_KEY_UISupportedInterfaceOrientations_iPhone = "UIInterfaceOrientationPortrait UIInterfaceOrientationLandscapeLeft UIInterfaceOrientationLandscapeRight";
				LD_RUNPATH_SEARCH_PATHS = (
					"$(inherited)",
					"@executable_path/Frameworks",
				);
				MARKETING_VERSION = 1.0;
				PRODUCT_BUNDLE_IDENTIFIER = com.Interview.AcharyaFoundation;
				PRODUCT_NAME = "$(TARGET_NAME)";
				SWIFT_EMIT_LOC_STRINGS = YES;
				SWIFT_VERSION = 5.0;
				TARGETED_DEVICE_FAMILY = "1,2";
			};
			name = Release;
		};
/* End XCBuildConfiguration section */

/* Begin XCConfigurationList section */
		77C702722BEF7206000515D9 /* Build configuration list for PBXProject "AcharyaFoundation" */ = {
			isa = XCConfigurationList;
			buildConfigurations = (
				77C702832BEF7212000515D9 /* Debug */,
				77C702842BEF7212000515D9 /* Release */,
			);
			defaultConfigurationIsVisible = 0;
			defaultConfigurationName = Release;
		};
		77C702852BEF7212000515D9 /* Build configuration list for PBXNativeTarget "AcharyaFoundation" */ = {
			isa = XCConfigurationList;
			buildConfigurations = (
				77C702862BEF7212000515D9 /* Debug */,
				77C702872BEF7212000515D9 /* Release */,
			);
			defaultConfigurationIsVisible = 0;
			defaultConfigurationName = Release;
		};
/* End XCConfigurationList section */
	};
	rootObject = 77C7026F2BEF7206000515D9 /* Project object */;
}
